{
  "version": 4,
  "terraform_version": "1.15.6",
  "serial": 66,
  "lineage": "0e5585c3-0120-0dd7-fc53-e66bd70f79b7",
  "outputs": {},
  "resources": [
    {
      "mode": "managed",
      "type": "aws_ecr_repository",
      "name": "backend",
      "provider": "provider[\"registry.terraform.io/hashicorp/aws\"]",
      "instances": [
        {
          "schema_version": 0,
          "attributes": {
            "arn": "arn:aws:ecr:us-east-1:015331669121:repository/wanderlust-backend",
            "encryption_configuration": [
              {
                "encryption_type": "AES256",
                "kms_key": ""
              }
            ],
            "force_delete": null,
            "id": "wanderlust-backend",
            "image_scanning_configuration": [
              {
                "scan_on_push": true
              }
            ],
            "image_tag_mutability": "MUTABLE",
            "name": "wanderlust-backend",
            "registry_id": "015331669121",
            "repository_url": "015331669121.dkr.ecr.us-east-1.amazonaws.com/wanderlust-backend",
            "tags": {},
            "tags_all": {
              "ManagedBy": "terraform",
              "Project": "wanderlust"
            },
            "timeouts": null
          },
          "sensitive_attributes": [],
          "identity_schema_version": 0,
          "private": "eyJlMmJmYjczMC1lY2FhLTExZTYtOGY4OC0zNDM2M2JjN2M0YzAiOnsiZGVsZXRlIjoxMjAwMDAwMDAwMDAwfX0="
        }
      ]
    },
    {
      "mode": "managed",
      "type": "aws_ecr_repository",
      "name": "frontend",
      "provider": "provider[\"registry.terraform.io/hashicorp/aws\"]",
      "instances": [
        {
          "schema_version": 0,
          "attributes": {
            "arn": "arn:aws:ecr:us-east-1:015331669121:repository/wanderlust-frontend",
            "encryption_configuration": [
              {
                "encryption_type": "AES256",
                "kms_key": ""
              }
            ],
            "force_delete": null,
            "id": "wanderlust-frontend",
            "image_scanning_configuration": [
              {
                "scan_on_push": true
              }
            ],
            "image_tag_mutability": "MUTABLE",
            "name": "wanderlust-frontend",
            "registry_id": "015331669121",
            "repository_url": "015331669121.dkr.ecr.us-east-1.amazonaws.com/wanderlust-frontend",
            "tags": {},
            "tags_all": {
              "ManagedBy": "terraform",
              "Project": "wanderlust"
            },
            "timeouts": null
          },
          "sensitive_attributes": [],
          "identity_schema_version": 0,
          "private": "eyJlMmJmYjczMC1lY2FhLTExZTYtOGY4OC0zNDM2M2JjN2M0YzAiOnsiZGVsZXRlIjoxMjAwMDAwMDAwMDAwfX0="
        }
      ]
    },
    {
      "mode": "managed",
      "type": "aws_eip",
      "name": "nat",
      "provider": "provider[\"registry.terraform.io/hashicorp/aws\"]",
      "instances": [
        {
          "schema_version": 0,
          "attributes": {
            "address": null,
            "allocation_id": "eipalloc-0f3ac65b5ae08df89",
            "arn": "arn:aws:ec2:us-east-1:015331669121:elastic-ip/eipalloc-0f3ac65b5ae08df89",
            "associate_with_private_ip": null,
            "association_id": "eipassoc-085d9f16a57324e0c",
            "carrier_ip": "",
            "customer_owned_ip": "",
            "customer_owned_ipv4_pool": "",
            "domain": "vpc",
            "id": "eipalloc-0f3ac65b5ae08df89",
            "instance": "",
            "ipam_pool_id": null,
            "network_border_group": "us-east-1",
            "network_interface": "eni-0743660730d47dd66",
            "private_dns": "ip-10-0-1-214.ec2.internal",
            "private_ip": "10.0.1.214",
            "ptr_record": "",
            "public_dns": "ec2-3-234-197-105.compute-1.amazonaws.com",
            "public_ip": "3.234.197.105",
            "public_ipv4_pool": "amazon",
            "tags": {
              "Name": "wanderlust-nat-eip"
            },
            "tags_all": {
              "ManagedBy": "terraform",
              "Name": "wanderlust-nat-eip",
              "Project": "wanderlust"
            },
            "timeouts": null,
            "vpc": true
          },
          "sensitive_attributes": [],
          "identity_schema_version": 0,
          "private": "eyJlMmJmYjczMC1lY2FhLTExZTYtOGY4OC0zNDM2M2JjN2M0YzAiOnsiZGVsZXRlIjoxODAwMDAwMDAwMDAsInJlYWQiOjkwMDAwMDAwMDAwMCwidXBkYXRlIjozMDAwMDAwMDAwMDB9fQ==",
          "dependencies": [
            "aws_internet_gateway.main",
            "aws_vpc.main"
          ]
        }
      ]
    },
    {
      "mode": "managed",
      "type": "aws_eks_cluster",
      "name": "main",
      "provider": "provider[\"registry.terraform.io/hashicorp/aws\"]",
      "instances": [
        {
          "schema_version": 1,
          "attributes": {
            "access_config": [
              {
                "authentication_mode": "CONFIG_MAP",
                "bootstrap_cluster_creator_admin_permissions": true
              }
            ],
            "arn": "arn:aws:eks:us-east-1:015331669121:cluster/wanderlust",
            "bootstrap_self_managed_addons": true,
            "certificate_authority": [
              {
                "data": "LS0tLS1CRUdJTiBDRVJUSUZJQ0FURS0tLS0tCk1JSURCVENDQWUyZ0F3SUJBZ0lJTzZEZE45Y3FJdG93RFFZSktvWklodmNOQVFFTEJRQXdGVEVUTUJFR0ExVUUKQXhNS2EzVmlaWEp1WlhSbGN6QWVGdzB5TmpBMk1UVXdNakl5TXpoYUZ3MHpOakEyTVRJd01qSTNNemhhTUJVeApFekFSQmdOVkJBTVRDbXQxWW1WeWJtVjBaWE13Z2dFaU1BMEdDU3FHU0liM0RRRUJBUVVBQTRJQkR3QXdnZ0VLCkFvSUJBUURBYlI3TFVLVEJ6OW9aZWxZWnRZSDRpNHlTbmhIUjk1UHdmZEl0c1pFYVl4ZlppOStLL0doMlh6cmwKY0VXOS8wQjFJVFdiMHJnRStwc3BXUDZGMkg3UEQwY0JPNURhTlprS21HQmg3Wkd3NzZVRkU5UnZ2NVpwSXZVZgpubEtJMEhhT2lxbk1lL3VXbjV4d3BDQlFINldhRzdGVml0QjZRRitncDdYTTlERnZZbzJnRFJQUVo3RGdtampUCkxkdTBvenBRMFVheS92N05hMzJkQnNLQldtNDQ2SjRMN2Fva0RUZzQ2WkFNRit4WVkwalVycnIzVWI4NDlic08KNGdLQ05Dd3VHRGY2T1BiZ0wyZXRHNS81WlZhVkNHQ2phcHMrdkg5TEdDeEhFWE44UTJIQS9DYTgyeFRBeTBXdwpLSFd5OUtMZVdqaDRDaTg2ZWNkak5XQXdzR045QWdNQkFBR2pXVEJYTUE0R0ExVWREd0VCL3dRRUF3SUNwREFQCkJnTlZIUk1CQWY4RUJUQURBUUgvTUIwR0ExVWREZ1FXQkJRb3RhaUc3Tlh0eW4rKzhzL2JVNEtUMS9pT1JqQVYKQmdOVkhSRUVEakFNZ2dwcmRXSmxjbTVsZEdWek1BMEdDU3FHU0liM0RRRUJDd1VBQTRJQkFRQTlReTZHVGxzZgpkS0JzK1o2cXBwK09VYldTNk1teERtSkZFQ0wzYmdzVFgvZUdxTUJPNGZLMXlpUVErYnR3SFNrUzRiTVZPMU1YCnhrMTFNd2N4cFpURit1RW5JZG9hd3RxUnVsQ2NVWHFRZWJBV0I1dG9HbGtWbGw2VVcySTZ0OHJxZ0JVaXdOdDcKK1YwdUdPbmo2TVlKN2tKcFNYaHpYeDFvV2ZpM0x1cklsdFppdzljRnE0Qmp1VElFbUJpVlZBSlBLYTUzbnlTagpES3ZRTmFBWFlxNURkNXUxNFQ1VFZkaDFmL3J4NzJTK3R3b25GRmFZMkxNRnZ6a1NHT3N5QmpINUNOZEdGd3k5CmVFQ1VXeTl2VTJ3UFNSeXh5L1dqcDlNTEtEZUVmaTZBOWFDbGowMVdSNUxHRm9zWFV1aEdjU09ITDUyaE5pbFMKazlUeHNaMWlESmFuCi0tLS0tRU5EIENFUlRJRklDQVRFLS0tLS0K"
              }
            ],
            "cluster_id": null,
            "compute_config": [],
            "created_at": "2026-06-15T02:21:45Z",
            "enabled_cluster_log_types": [
              "api",
              "audit",
              "authenticator"
            ],
            "encryption_config": [],
            "endpoint": "https://18057D156009382FDCCDB4F199C67809.gr7.us-east-1.eks.amazonaws.com",
            "force_update_version": null,
            "id": "wanderlust",
            "identity": [
              {
                "oidc": [
                  {
                    "issuer": "https://oidc.eks.us-east-1.amazonaws.com/id/18057D156009382FDCCDB4F199C67809"
                  }
                ]
              }
            ],
            "kubernetes_network_config": [
              {
                "elastic_load_balancing": [
                  {
                    "enabled": false
                  }
                ],
                "ip_family": "ipv4",
                "service_ipv4_cidr": "172.20.0.0/16",
                "service_ipv6_cidr": ""
              }
            ],
            "name": "wanderlust",
            "outpost_config": [],
            "platform_version": "eks.69",
            "remote_network_config": [],
            "role_arn": "arn:aws:iam::015331669121:role/wanderlust-eks-cluster-role",
            "status": "ACTIVE",
            "storage_config": [],
            "tags": {
              "Name": "wanderlust"
            },
            "tags_all": {
              "ManagedBy": "terraform",
              "Name": "wanderlust",
              "Project": "wanderlust"
            },
            "timeouts": null,
            "upgrade_policy": [
              {
                "support_type": "EXTENDED"
              }
            ],
            "version": "1.30",
            "vpc_config": [
              {
                "cluster_security_group_id": "sg-0a9f828b483f340c2",
                "endpoint_private_access": true,
                "endpoint_public_access": true,
                "public_access_cidrs": [
                  "0.0.0.0/0"
                ],
                "security_group_ids": [],
                "subnet_ids": [
                  "subnet-0462ec6368a8a276d",
                  "subnet-0648168ef4d8b9851",
                  "subnet-08307ba04f34e1e82",
                  "subnet-0c8c837feffb8b540"
                ],
                "vpc_id": "vpc-0025f24f39cd9bcd7"
              }
            ],
            "zonal_shift_config": []
          },
          "sensitive_attributes": [],
          "identity_schema_version": 0,
          "private": "eyJlMmJmYjczMC1lY2FhLTExZTYtOGY4OC0zNDM2M2JjN2M0YzAiOnsiY3JlYXRlIjoxODAwMDAwMDAwMDAwLCJkZWxldGUiOjkwMDAwMDAwMDAwMCwidXBkYXRlIjozNjAwMDAwMDAwMDAwfSwic2NoZW1hX3ZlcnNpb24iOiIxIn0=",
          "dependencies": [
            "aws_iam_role.eks_cluster",
            "aws_iam_role_policy_attachment.eks_cluster_policy",
            "aws_subnet.private",
            "aws_subnet.public",
            "aws_vpc.main"
          ]
        }
      ]
    },
    {
      "mode": "managed",
      "type": "aws_eks_node_group",
      "name": "main",
      "provider": "provider[\"registry.terraform.io/hashicorp/aws\"]",
      "instances": [
        {
          "schema_version": 0,
          "attributes": {
            "ami_type": "AL2023_x86_64_STANDARD",
            "arn": "arn:aws:eks:us-east-1:015331669121:nodegroup/wanderlust/wanderlust-nodes/2ecf64f5-d56f-4884-2fad-d094170e9099",
            "capacity_type": "ON_DEMAND",
            "cluster_name": "wanderlust",
            "disk_size": 20,
            "force_update_version": null,
            "id": "wanderlust:wanderlust-nodes",
            "instance_types": [
              "t3.small"
            ],
            "labels": {},
            "launch_template": [],
            "node_group_name": "wanderlust-nodes",
            "node_group_name_prefix": "",
            "node_repair_config": [],
            "node_role_arn": "arn:aws:iam::015331669121:role/wanderlust-eks-node-role",
            "release_version": "1.30.14-20260529",
            "remote_access": [],
            "resources": [
              {
                "autoscaling_groups": [
                  {
                    "name": "eks-wanderlust-nodes-2ecf64f5-d56f-4884-2fad-d094170e9099"
                  }
                ],
                "remote_access_security_group_id": ""
              }
            ],
            "scaling_config": [
              {
                "desired_size": 2,
                "max_size": 3,
                "min_size": 2
              }
            ],
            "status": "ACTIVE",
            "subnet_ids": [
              "subnet-0462ec6368a8a276d",
              "subnet-0c8c837feffb8b540"
            ],
            "tags": {
              "Name": "wanderlust-node-group"
            },
            "tags_all": {
              "ManagedBy": "terraform",
              "Name": "wanderlust-node-group",
              "Project": "wanderlust"
            },
            "taint": [],
            "timeouts": null,
            "update_config": [
              {
                "max_unavailable": 1,
                "max_unavailable_percentage": 0
              }
            ],
            "version": "1.30"
          },
          "sensitive_attributes": [],
          "identity_schema_version": 0,
          "private": "eyJlMmJmYjczMC1lY2FhLTExZTYtOGY4OC0zNDM2M2JjN2M0YzAiOnsiY3JlYXRlIjozNjAwMDAwMDAwMDAwLCJkZWxldGUiOjM2MDAwMDAwMDAwMDAsInVwZGF0ZSI6MzYwMDAwMDAwMDAwMH19",
          "dependencies": [
            "aws_eks_cluster.main",
            "aws_iam_role.eks_cluster",
            "aws_iam_role.eks_nodes",
            "aws_iam_role_policy_attachment.eks_cluster_policy",
            "aws_iam_role_policy_attachment.eks_cni_policy",
            "aws_iam_role_policy_attachment.eks_ecr_readonly",
            "aws_iam_role_policy_attachment.eks_worker_node_policy",
            "aws_subnet.private",
            "aws_subnet.public",
            "aws_vpc.main"
          ]
        }
      ]
    },
    {
      "mode": "managed",
      "type": "aws_iam_role",
      "name": "eks_cluster",
      "provider": "provider[\"registry.terraform.io/hashicorp/aws\"]",
      "instances": [
        {
          "schema_version": 0,
          "attributes": {
            "arn": "arn:aws:iam::015331669121:role/wanderlust-eks-cluster-role",
            "assume_role_policy": "{\"Statement\":[{\"Action\":\"sts:AssumeRole\",\"Effect\":\"Allow\",\"Principal\":{\"Service\":\"eks.amazonaws.com\"}}],\"Version\":\"2012-10-17\"}",
            "create_date": "2026-06-15T02:12:44Z",
            "description": "",
            "force_detach_policies": false,
            "id": "wanderlust-eks-cluster-role",
            "inline_policy": [],
            "managed_policy_arns": [
              "arn:aws:iam::aws:policy/AmazonEKSClusterPolicy"
            ],
            "max_session_duration": 3600,
            "name": "wanderlust-eks-cluster-role",
            "name_prefix": "",
            "path": "/",
            "permissions_boundary": "",
            "tags": {},
            "tags_all": {
              "ManagedBy": "terraform",
              "Project": "wanderlust"
            },
            "unique_id": "AROAQHEOWWSAWPXINRUYP"
          },
          "sensitive_attributes": [],
          "identity_schema_version": 0,
          "private": "bnVsbA=="
        }
      ]
    },
    {
      "mode": "managed",
      "type": "aws_iam_role",
      "name": "eks_nodes",
      "provider": "provider[\"registry.terraform.io/hashicorp/aws\"]",
      "instances": [
        {
          "schema_version": 0,
          "attributes": {
            "arn": "arn:aws:iam::015331669121:role/wanderlust-eks-node-role",
            "assume_role_policy": "{\"Statement\":[{\"Action\":\"sts:AssumeRole\",\"Effect\":\"Allow\",\"Principal\":{\"Service\":\"ec2.amazonaws.com\"}}],\"Version\":\"2012-10-17\"}",
            "create_date": "2026-06-15T02:12:44Z",
            "description": "",
            "force_detach_policies": false,
            "id": "wanderlust-eks-node-role",
            "inline_policy": [],
            "managed_policy_arns": [
              "arn:aws:iam::aws:policy/AmazonEC2ContainerRegistryReadOnly",
              "arn:aws:iam::aws:policy/AmazonEKSWorkerNodePolicy",
              "arn:aws:iam::aws:policy/AmazonEKS_CNI_Policy",
              "arn:aws:iam::aws:policy/service-role/AmazonEBSCSIDriverPolicy"
            ],
            "max_session_duration": 3600,
            "name": "wanderlust-eks-node-role",
            "name_prefix": "",
            "path": "/",
            "permissions_boundary": "",
            "tags": {},
            "tags_all": {
              "ManagedBy": "terraform",
              "Project": "wanderlust"
            },
            "unique_id": "AROAQHEOWWSAVQ5GROTSZ"
          },
          "sensitive_attributes": [],
          "identity_schema_version": 0,
          "private": "bnVsbA=="
        }
      ]
    },
    {
      "mode": "managed",
      "type": "aws_iam_role_policy_attachment",
      "name": "eks_cluster_policy",
      "provider": "provider[\"registry.terraform.io/hashicorp/aws\"]",
      "instances": [
        {
          "schema_version": 0,
          "attributes": {
            "id": "wanderlust-eks-cluster-role-20260615021244119500000004",
            "policy_arn": "arn:aws:iam::aws:policy/AmazonEKSClusterPolicy",
            "role": "wanderlust-eks-cluster-role"
          },
          "sensitive_attributes": [],
          "identity_schema_version": 0,
          "private": "bnVsbA==",
          "dependencies": [
            "aws_iam_role.eks_cluster"
          ]
        }
      ]
    },
    {
      "mode": "managed",
      "type": "aws_iam_role_policy_attachment",
      "name": "eks_cni_policy",
      "provider": "provider[\"registry.terraform.io/hashicorp/aws\"]",
      "instances": [
        {
          "schema_version": 0,
          "attributes": {
            "id": "wanderlust-eks-node-role-20260615021243887500000002",
            "policy_arn": "arn:aws:iam::aws:policy/AmazonEKS_CNI_Policy",
            "role": "wanderlust-eks-node-role"
          },
          "sensitive_attributes": [],
          "identity_schema_version": 0,
          "private": "bnVsbA==",
          "dependencies": [
            "aws_iam_role.eks_nodes"
          ]
        }
      ]
    },
    {
      "mode": "managed",
      "type": "aws_iam_role_policy_attachment",
      "name": "eks_ecr_readonly",
      "provider": "provider[\"registry.terraform.io/hashicorp/aws\"]",
      "instances": [
        {
          "schema_version": 0,
          "attributes": {
            "id": "wanderlust-eks-node-role-20260615021243730400000001",
            "policy_arn": "arn:aws:iam::aws:policy/AmazonEC2ContainerRegistryReadOnly",
            "role": "wanderlust-eks-node-role"
          },
          "sensitive_attributes": [],
          "identity_schema_version": 0,
          "private": "bnVsbA==",
          "dependencies": [
            "aws_iam_role.eks_nodes"
          ]
        }
      ]
    },
    {
      "mode": "managed",
      "type": "aws_iam_role_policy_attachment",
      "name": "eks_worker_node_policy",
      "provider": "provider[\"registry.terraform.io/hashicorp/aws\"]",
      "instances": [
        {
          "schema_version": 0,
          "attributes": {
            "id": "wanderlust-eks-node-role-20260615021243926400000003",
            "policy_arn": "arn:aws:iam::aws:policy/AmazonEKSWorkerNodePolicy",
            "role": "wanderlust-eks-node-role"
          },
          "sensitive_attributes": [],
          "identity_schema_version": 0,
          "private": "bnVsbA==",
          "dependencies": [
            "aws_iam_role.eks_nodes"
          ]
        }
      ]
    },
    {
      "mode": "managed",
      "type": "aws_internet_gateway",
      "name": "main",
      "provider": "provider[\"registry.terraform.io/hashicorp/aws\"]",
      "instances": [
        {
          "schema_version": 0,
          "attributes": {
            "arn": "arn:aws:ec2:us-east-1:015331669121:internet-gateway/igw-0172db5cf7cf71f97",
            "id": "igw-0172db5cf7cf71f97",
            "owner_id": "015331669121",
            "tags": {
              "Name": "wanderlust-igw"
            },
            "tags_all": {
              "ManagedBy": "terraform",
              "Name": "wanderlust-igw",
              "Project": "wanderlust"
            },
            "timeouts": null,
            "vpc_id": "vpc-0025f24f39cd9bcd7"
          },
          "sensitive_attributes": [],
          "identity_schema_version": 0,
          "private": "eyJlMmJmYjczMC1lY2FhLTExZTYtOGY4OC0zNDM2M2JjN2M0YzAiOnsiY3JlYXRlIjoxMjAwMDAwMDAwMDAwLCJkZWxldGUiOjEyMDAwMDAwMDAwMDAsInVwZGF0ZSI6MTIwMDAwMDAwMDAwMH19",
          "dependencies": [
            "aws_vpc.main"
          ]
        }
      ]
    },
    {
      "mode": "managed",
      "type": "aws_nat_gateway",
      "name": "main",
      "provider": "provider[\"registry.terraform.io/hashicorp/aws\"]",
      "instances": [
        {
          "schema_version": 0,
          "attributes": {
            "allocation_id": "eipalloc-0f3ac65b5ae08df89",
            "association_id": "eipassoc-085d9f16a57324e0c",
            "connectivity_type": "public",
            "id": "nat-0b7f8cfdd7f34a61e",
            "network_interface_id": "eni-0743660730d47dd66",
            "private_ip": "10.0.1.214",
            "public_ip": "3.234.197.105",
            "secondary_allocation_ids": [],
            "secondary_private_ip_address_count": 0,
            "secondary_private_ip_addresses": [],
            "subnet_id": "subnet-08307ba04f34e1e82",
            "tags": {
              "Name": "wanderlust-nat"
            },
            "tags_all": {
              "ManagedBy": "terraform",
              "Name": "wanderlust-nat",
              "Project": "wanderlust"
            },
            "timeouts": null
          },
          "sensitive_attributes": [],
          "identity_schema_version": 0,
          "private": "eyJlMmJmYjczMC1lY2FhLTExZTYtOGY4OC0zNDM2M2JjN2M0YzAiOnsiY3JlYXRlIjo2MDAwMDAwMDAwMDAsImRlbGV0ZSI6MTgwMDAwMDAwMDAwMCwidXBkYXRlIjo2MDAwMDAwMDAwMDB9fQ==",
          "dependencies": [
            "aws_eip.nat",
            "aws_internet_gateway.main",
            "aws_subnet.public",
            "aws_vpc.main"
          ]
        }
      ]
    },
    {
      "mode": "managed",
      "type": "aws_subnet",
      "name": "private",
      "provider": "provider[\"registry.terraform.io/hashicorp/aws\"]",
      "instances": [
        {
          "index_key": 0,
          "schema_version": 1,
          "attributes": {
            "arn": "arn:aws:ec2:us-east-1:015331669121:subnet/subnet-0462ec6368a8a276d",
            "assign_ipv6_address_on_creation": false,
            "availability_zone": "us-east-1a",
            "availability_zone_id": "use1-az1",
            "cidr_block": "10.0.3.0/24",
            "customer_owned_ipv4_pool": "",
            "enable_dns64": false,
            "enable_lni_at_device_index": 0,
            "enable_resource_name_dns_a_record_on_launch": false,
            "enable_resource_name_dns_aaaa_record_on_launch": false,
            "id": "subnet-0462ec6368a8a276d",
            "ipv6_cidr_block": "",
            "ipv6_cidr_block_association_id": "",
            "ipv6_native": false,
            "map_customer_owned_ip_on_launch": false,
            "map_public_ip_on_launch": false,
            "outpost_arn": "",
            "owner_id": "015331669121",
            "private_dns_hostname_type_on_launch": "ip-name",
            "tags": {
              "Name": "wanderlust-private-1",
              "kubernetes.io/cluster/wanderlust": "shared",
              "kubernetes.io/role/internal-elb": "1"
            },
            "tags_all": {
              "ManagedBy": "terraform",
              "Name": "wanderlust-private-1",
              "Project": "wanderlust",
              "kubernetes.io/cluster/wanderlust": "shared",
              "kubernetes.io/role/internal-elb": "1"
            },
            "timeouts": null,
            "vpc_id": "vpc-0025f24f39cd9bcd7"
          },
          "sensitive_attributes": [],
          "identity_schema_version": 0,
          "private": "eyJlMmJmYjczMC1lY2FhLTExZTYtOGY4OC0zNDM2M2JjN2M0YzAiOnsiY3JlYXRlIjo2MDAwMDAwMDAwMDAsImRlbGV0ZSI6MTIwMDAwMDAwMDAwMH0sInNjaGVtYV92ZXJzaW9uIjoiMSJ9",
          "dependencies": [
            "aws_vpc.main"
          ]
        },
        {
          "index_key": 1,
          "schema_version": 1,
          "attributes": {
            "arn": "arn:aws:ec2:us-east-1:015331669121:subnet/subnet-0c8c837feffb8b540",
            "assign_ipv6_address_on_creation": false,
            "availability_zone": "us-east-1b",
            "availability_zone_id": "use1-az2",
            "cidr_block": "10.0.4.0/24",
            "customer_owned_ipv4_pool": "",
            "enable_dns64": false,
            "enable_lni_at_device_index": 0,
            "enable_resource_name_dns_a_record_on_launch": false,
            "enable_resource_name_dns_aaaa_record_on_launch": false,
            "id": "subnet-0c8c837feffb8b540",
            "ipv6_cidr_block": "",
            "ipv6_cidr_block_association_id": "",
            "ipv6_native": false,
            "map_customer_owned_ip_on_launch": false,
            "map_public_ip_on_launch": false,
            "outpost_arn": "",
            "owner_id": "015331669121",
            "private_dns_hostname_type_on_launch": "ip-name",
            "tags": {
              "Name": "wanderlust-private-2",
              "kubernetes.io/cluster/wanderlust": "shared",
              "kubernetes.io/role/internal-elb": "1"
            },
            "tags_all": {
              "ManagedBy": "terraform",
              "Name": "wanderlust-private-2",
              "Project": "wanderlust",
              "kubernetes.io/cluster/wanderlust": "shared",
              "kubernetes.io/role/internal-elb": "1"
            },
            "timeouts": null,
            "vpc_id": "vpc-0025f24f39cd9bcd7"
          },
          "sensitive_attributes": [],
          "identity_schema_version": 0,
          "private": "eyJlMmJmYjczMC1lY2FhLTExZTYtOGY4OC0zNDM2M2JjN2M0YzAiOnsiY3JlYXRlIjo2MDAwMDAwMDAwMDAsImRlbGV0ZSI6MTIwMDAwMDAwMDAwMH0sInNjaGVtYV92ZXJzaW9uIjoiMSJ9",
          "dependencies": [
            "aws_vpc.main"
          ]
        }
      ]
    },
    {
      "mode": "managed",
      "type": "aws_subnet",
      "name": "public",
      "provider": "provider[\"registry.terraform.io/hashicorp/aws\"]",
      "instances": [
        {
          "index_key": 0,
          "schema_version": 1,
          "attributes": {
            "arn": "arn:aws:ec2:us-east-1:015331669121:subnet/subnet-08307ba04f34e1e82",
            "assign_ipv6_address_on_creation": false,
            "availability_zone": "us-east-1a",
            "availability_zone_id": "use1-az1",
            "cidr_block": "10.0.1.0/24",
            "customer_owned_ipv4_pool": "",
            "enable_dns64": false,
            "enable_lni_at_device_index": 0,
            "enable_resource_name_dns_a_record_on_launch": false,
            "enable_resource_name_dns_aaaa_record_on_launch": false,
            "id": "subnet-08307ba04f34e1e82",
            "ipv6_cidr_block": "",
            "ipv6_cidr_block_association_id": "",
            "ipv6_native": false,
            "map_customer_owned_ip_on_launch": false,
            "map_public_ip_on_launch": true,
            "outpost_arn": "",
            "owner_id": "015331669121",
            "private_dns_hostname_type_on_launch": "ip-name",
            "tags": {
              "Name": "wanderlust-public-1",
              "kubernetes.io/cluster/wanderlust": "shared",
              "kubernetes.io/role/elb": "1"
            },
            "tags_all": {
              "ManagedBy": "terraform",
              "Name": "wanderlust-public-1",
              "Project": "wanderlust",
              "kubernetes.io/cluster/wanderlust": "shared",
              "kubernetes.io/role/elb": "1"
            },
            "timeouts": null,
            "vpc_id": "vpc-0025f24f39cd9bcd7"
          },
          "sensitive_attributes": [],
          "identity_schema_version": 0,
          "private": "eyJlMmJmYjczMC1lY2FhLTExZTYtOGY4OC0zNDM2M2JjN2M0YzAiOnsiY3JlYXRlIjo2MDAwMDAwMDAwMDAsImRlbGV0ZSI6MTIwMDAwMDAwMDAwMH0sInNjaGVtYV92ZXJzaW9uIjoiMSJ9",
          "dependencies": [
            "aws_vpc.main"
          ]
        },
        {
          "index_key": 1,
          "schema_version": 1,
          "attributes": {
            "arn": "arn:aws:ec2:us-east-1:015331669121:subnet/subnet-0648168ef4d8b9851",
            "assign_ipv6_address_on_creation": false,
            "availability_zone": "us-east-1b",
            "availability_zone_id": "use1-az2",
            "cidr_block": "10.0.2.0/24",
            "customer_owned_ipv4_pool": "",
            "enable_dns64": false,
            "enable_lni_at_device_index": 0,
            "enable_resource_name_dns_a_record_on_launch": false,
            "enable_resource_name_dns_aaaa_record_on_launch": false,
            "id": "subnet-0648168ef4d8b9851",
            "ipv6_cidr_block": "",
            "ipv6_cidr_block_association_id": "",
            "ipv6_native": false,
            "map_customer_owned_ip_on_launch": false,
            "map_public_ip_on_launch": true,
            "outpost_arn": "",
            "owner_id": "015331669121",
            "private_dns_hostname_type_on_launch": "ip-name",
            "tags": {
              "Name": "wanderlust-public-2",
              "kubernetes.io/cluster/wanderlust": "shared",
              "kubernetes.io/role/elb": "1"
            },
            "tags_all": {
              "ManagedBy": "terraform",
              "Name": "wanderlust-public-2",
              "Project": "wanderlust",
              "kubernetes.io/cluster/wanderlust": "shared",
              "kubernetes.io/role/elb": "1"
            },
            "timeouts": null,
            "vpc_id": "vpc-0025f24f39cd9bcd7"
          },
          "sensitive_attributes": [],
          "identity_schema_version": 0,
          "private": "eyJlMmJmYjczMC1lY2FhLTExZTYtOGY4OC0zNDM2M2JjN2M0YzAiOnsiY3JlYXRlIjo2MDAwMDAwMDAwMDAsImRlbGV0ZSI6MTIwMDAwMDAwMDAwMH0sInNjaGVtYV92ZXJzaW9uIjoiMSJ9",
          "dependencies": [
            "aws_vpc.main"
          ]
        }
      ]
    },
    {
      "mode": "managed",
      "type": "aws_vpc",
      "name": "main",
      "provider": "provider[\"registry.terraform.io/hashicorp/aws\"]",
      "instances": [
        {
          "schema_version": 1,
          "attributes": {
            "arn": "arn:aws:ec2:us-east-1:015331669121:vpc/vpc-0025f24f39cd9bcd7",
            "assign_generated_ipv6_cidr_block": false,
            "cidr_block": "10.0.0.0/16",
            "default_network_acl_id": "acl-060678570b97fcf5a",
            "default_route_table_id": "rtb-0b1d6d08588057a64",
            "default_security_group_id": "sg-0f6a5681bd2f67fec",
            "dhcp_options_id": "dopt-087f87c0929311648",
            "enable_dns_hostnames": true,
            "enable_dns_support": true,
            "enable_network_address_usage_metrics": false,
            "id": "vpc-0025f24f39cd9bcd7",
            "instance_tenancy": "default",
            "ipv4_ipam_pool_id": null,
            "ipv4_netmask_length": null,
            "ipv6_association_id": "",
            "ipv6_cidr_block": "",
            "ipv6_cidr_block_network_border_group": "",
            "ipv6_ipam_pool_id": "",
            "ipv6_netmask_length": 0,
            "main_route_table_id": "rtb-0b1d6d08588057a64",
            "owner_id": "015331669121",
            "tags": {
              "Name": "wanderlust-vpc"
            },
            "tags_all": {
              "ManagedBy": "terraform",
              "Name": "wanderlust-vpc",
              "Project": "wanderlust"
            }
          },
          "sensitive_attributes": [],
          "identity_schema_version": 0,
          "private": "eyJzY2hlbWFfdmVyc2lvbiI6IjEifQ=="
        }
      ]
    }
  ],
  "check_results": null
}
